
Microsoft Visual Studio Solution File, Format Version 12.00
# Visual Studio Version 17
VisualStudioVersion = 17.3.32922.545
MinimumVisualStudioVersion = 10.0.40219.1
Project("{FAE04EC0-301F-11D3-BF4B-00C04F79EFBC}") = "GearShiftAPI", "GearShiftAPI\GearShiftAPI.csproj", "{BE4EEA8C-1907-4C70-9E35-9E3ECB0BD3BC}"
EndProject
Global
	GlobalSection(SolutionConfigurationPlatforms) = preSolution
		Debug|Any CPU = Debug|Any CPU
		Release|Any CPU = Release|Any CPU
	EndGlobalSection
	GlobalSection(ProjectConfigurationPlatforms) = postSolution
		{BE4EEA8C-1907-4C70-9E35-9E3ECB0BD3BC}.Debug|Any CPU.ActiveCfg = Debug|Any CPU
		{BE4EEA8C-1907-4C70-9E35-9E3ECB0BD3BC}.Debug|Any CPU.Build.0 = Debug|Any CPU
		{BE4EEA8C-1907-4C70-9E35-9E3ECB0BD3BC}.Release|Any CPU.ActiveCfg = Release|Any CPU
		{BE4EEA8C-1907-4C70-9E35-9E3ECB0BD3BC}.Release|Any CPU.Build.0 = Release|Any CPU
	EndGlobalSection
	GlobalSection(SolutionProperties) = preSolution
		HideSolutionNode = FALSE
	EndGlobalSection
	GlobalSection(ExtensibilityGlobals) = postSolution
		SolutionGuid = {EC108B49-7C64-46B4-BEC5-7DB8BF069067}
	EndGlobalSection
EndGlobal
